
Microsoft Visual Studio Solution File, Format Version 12.00
# Visual Studio Version 17
VisualStudioVersion = 17.9.34728.123
MinimumVisualStudioVersion = 10.0.40219.1
Project("{FAE04EC0-301F-11D3-BF4B-00C04F79EFBC}") = "api", "api\api.csproj", "{78195C65-29BE-4B59-8423-B08A0C2F251C}"
EndProject
Global
	GlobalSection(SolutionConfigurationPlatforms) = preSolution
		Debug|Any CPU = Debug|Any CPU
		Release|Any CPU = Release|Any CPU
	EndGlobalSection
	GlobalSection(ProjectConfigurationPlatforms) = postSolution
		{78195C65-29BE-4B59-8423-B08A0C2F251C}.Debug|Any CPU.ActiveCfg = Debug|Any CPU
		{78195C65-29BE-4B59-8423-B08A0C2F251C}.Debug|Any CPU.Build.0 = Debug|Any CPU
		{78195C65-29BE-4B59-8423-B08A0C2F251C}.Release|Any CPU.ActiveCfg = Release|Any CPU
		{78195C65-29BE-4B59-8423-B08A0C2F251C}.Release|Any CPU.Build.0 = Release|Any CPU
	EndGlobalSection
	GlobalSection(SolutionProperties) = preSolution
		HideSolutionNode = FALSE
	EndGlobalSection
	GlobalSection(ExtensibilityGlobals) = postSolution
		SolutionGuid = {F7B50943-863E-4AA5-90D4-7E10CAF8A3C6}
	EndGlobalSection
EndGlobal
